<?xml version="1.0" encoding="utf-8"?>
<Project ToolsVersion="4.0" xmlns="http://schemas.microsoft.com/developer/msbuild/2003">
  <ItemGroup>
    <Filter Include="src">
      <UniqueIdentifier>{4FC737F1-C7A5-4376-A066-2A32D752A2FF}</UniqueIdentifier>
      <Extensions>cpp;c;cc;cxx;def;odl;idl;hpj;bat;asm;asmx</Extensions>
    </Filter>
    <Filter Include="libs">
      <UniqueIdentifier>{bbf568eb-077e-4cb6-8607-e6a016ab7360}</UniqueIdentifier>
    </Filter>
    <Filter Include="libs\tinyxml2">
      <UniqueIdentifier>{8215d0ae-e53d-4dd7-8ca0-ba4470326776}</UniqueIdentifier>
    </Filter>
    <Filter Include="libs\openctm">
      <UniqueIdentifier>{d8a998b8-6390-40ac-b62a-8e5dbf61d437}</UniqueIdentifier>
    </Filter>
    <Filter Include="libs\openctm\liblzma">
      <UniqueIdentifier>{18a85bea-ddb2-49a1-a7b1-bd11b23d5549}</UniqueIdentifier>
    </Filter>
    <Filter Include="libs\vmath">
      <UniqueIdentifier>{dc4ab435-af1e-4786-8011-a7a793e229eb}</UniqueIdentifier>
    </Filter>
    <Filter Include="libs\anim">
      <UniqueIdentifier>{05d8010d-b4d9-4829-80ea-8c8d018e1e04}</UniqueIdentifier>
    </Filter>
  </ItemGroup>
  <ItemGroup>
    <ClInclude Include="src\camera.h">
      <Filter>src</Filter>
    </ClInclude>
    <ClInclude Include="src\chunk.h">
      <Filter>src</Filter>
    </ClInclude>
    <ClInclude Include="src\goat3d.h">
      <Filter>src</Filter>
    </ClInclude>
    <ClInclude Include="src\goat3d_impl.h">
      <Filter>src</Filter>
    </ClInclude>
    <ClInclude Include="src\light.h">
      <Filter>src</Filter>
    </ClInclude>
    <ClInclude Include="src\material.h">
      <Filter>src</Filter>
    </ClInclude>
    <ClInclude Include="src\mesh.h">
      <Filter>src</Filter>
    </ClInclude>
    <ClInclude Include="src\xform_node.h">
      <Filter>src</Filter>
    </ClInclude>
    <ClInclude Include="src\node.h">
      <Filter>src</Filter>
    </ClInclude>
    <ClInclude Include="src\object.h">
      <Filter>src</Filter>
    </ClInclude>
    <ClInclude Include="src\log.h">
      <Filter>src</Filter>
    </ClInclude>
    <ClInclude Include="libs\tinyxml2\tinyxml2.h">
      <Filter>libs\tinyxml2</Filter>
    </ClInclude>
    <ClInclude Include="libs\openctm\internal.h">
      <Filter>libs\openctm</Filter>
    </ClInclude>
    <ClInclude Include="libs\openctm\openctm.h">
      <Filter>libs\openctm</Filter>
    </ClInclude>
    <ClInclude Include="libs\openctm\openctmpp.h">
      <Filter>libs\openctm</Filter>
    </ClInclude>
    <ClInclude Include="libs\openctm\liblzma\Alloc.h">
      <Filter>libs\openctm\liblzma</Filter>
    </ClInclude>
    <ClInclude Include="libs\openctm\liblzma\LzFind.h">
      <Filter>libs\openctm\liblzma</Filter>
    </ClInclude>
    <ClInclude Include="libs\openctm\liblzma\LzHash.h">
      <Filter>libs\openctm\liblzma</Filter>
    </ClInclude>
    <ClInclude Include="libs\openctm\liblzma\LzmaDec.h">
      <Filter>libs\openctm\liblzma</Filter>
    </ClInclude>
    <ClInclude Include="libs\openctm\liblzma\LzmaEnc.h">
      <Filter>libs\openctm\liblzma</Filter>
    </ClInclude>
    <ClInclude Include="libs\openctm\liblzma\LzmaLib.h">
      <Filter>libs\openctm\liblzma</Filter>
    </ClInclude>
    <ClInclude Include="libs\openctm\liblzma\NameMangle.h">
      <Filter>libs\openctm\liblzma</Filter>
    </ClInclude>
    <ClInclude Include="libs\openctm\liblzma\Types.h">
      <Filter>libs\openctm\liblzma</Filter>
    </ClInclude>
    <ClInclude Include="libs\anim\anim.h">
      <Filter>libs\anim</Filter>
    </ClInclude>
    <ClInclude Include="libs\anim\dynarr.h">
      <Filter>libs\anim</Filter>
    </ClInclude>
    <ClInclude Include="libs\anim\track.h">
      <Filter>libs\anim</Filter>
    </ClInclude>
    <ClInclude Include="libs\vmath\basis.h">
      <Filter>libs\vmath</Filter>
    </ClInclude>
    <ClInclude Include="libs\vmath\geom.h">
      <Filter>libs\vmath</Filter>
    </ClInclude>
    <ClInclude Include="libs\vmath\matrix.h">
      <Filter>libs\vmath</Filter>
    </ClInclude>
    <ClInclude Include="libs\vmath\quat.h">
      <Filter>libs\vmath</Filter>
    </ClInclude>
    <ClInclude Include="libs\vmath\ray.h">
      <Filter>libs\vmath</Filter>
    </ClInclude>
    <ClInclude Include="libs\vmath\sphvec.h">
      <Filter>libs\vmath</Filter>
    </ClInclude>
    <ClInclude Include="libs\vmath\vector.h">
      <Filter>libs\vmath</Filter>
    </ClInclude>
    <ClInclude Include="libs\vmath\vmath.h">
      <Filter>libs\vmath</Filter>
    </ClInclude>
    <ClInclude Include="libs\vmath\vmath_config.h">
      <Filter>libs\vmath</Filter>
    </ClInclude>
    <ClInclude Include="libs\vmath\vmath_types.h">
      <Filter>libs\vmath</Filter>
    </ClInclude>
  </ItemGroup>
  <ItemGroup>
    <ClCompile Include="src\goat3d.cc">
      <Filter>src</Filter>
    </ClCompile>
    <ClCompile Include="src\mesh.cc">
      <Filter>src</Filter>
    </ClCompile>
    <ClCompile Include="src\xform_node.cc">
      <Filter>src</Filter>
    </ClCompile>
    <ClCompile Include="src\camera.cc">
      <Filter>src</Filter>
    </ClCompile>
    <ClCompile Include="src\light.cc">
      <Filter>src</Filter>
    </ClCompile>
    <ClCompile Include="src\material.cc">
      <Filter>src</Filter>
    </ClCompile>
    <ClCompile Include="src\node.cc">
      <Filter>src</Filter>
    </ClCompile>
    <ClCompile Include="src\chunk.cc">
      <Filter>src</Filter>
    </ClCompile>
    <ClCompile Include="src\goat3d_readxml.cc">
      <Filter>src</Filter>
    </ClCompile>
    <ClCompile Include="src\goat3d_write.cc">
      <Filter>src</Filter>
    </ClCompile>
    <ClCompile Include="src\goat3d_writexml.cc">
      <Filter>src</Filter>
    </ClCompile>
    <ClCompile Include="src\log.cc">
      <Filter>src</Filter>
    </ClCompile>
    <ClCompile Include="src\scene.cc">
      <Filter>src</Filter>
    </ClCompile>
    <ClCompile Include="libs\tinyxml2\tinyxml2.cpp">
      <Filter>libs\tinyxml2</Filter>
    </ClCompile>
    <ClCompile Include="libs\openctm\compressMG1.c">
      <Filter>libs\openctm</Filter>
    </ClCompile>
    <ClCompile Include="libs\openctm\compressMG2.c">
      <Filter>libs\openctm</Filter>
    </ClCompile>
    <ClCompile Include="libs\openctm\compressRAW.c">
      <Filter>libs\openctm</Filter>
    </ClCompile>
    <ClCompile Include="libs\openctm\openctm.c">
      <Filter>libs\openctm</Filter>
    </ClCompile>
    <ClCompile Include="libs\openctm\stream.c">
      <Filter>libs\openctm</Filter>
    </ClCompile>
    <ClCompile Include="libs\openctm\liblzma\Alloc.c">
      <Filter>libs\openctm\liblzma</Filter>
    </ClCompile>
    <ClCompile Include="libs\openctm\liblzma\LzFind.c">
      <Filter>libs\openctm\liblzma</Filter>
    </ClCompile>
    <ClCompile Include="libs\openctm\liblzma\LzmaDec.c">
      <Filter>libs\openctm\liblzma</Filter>
    </ClCompile>
    <ClCompile Include="libs\openctm\liblzma\LzmaEnc.c">
      <Filter>libs\openctm\liblzma</Filter>
    </ClCompile>
    <ClCompile Include="libs\openctm\liblzma\LzmaLib.c">
      <Filter>libs\openctm\liblzma</Filter>
    </ClCompile>
    <ClCompile Include="libs\anim\anim.c">
      <Filter>libs\anim</Filter>
    </ClCompile>
    <ClCompile Include="libs\anim\dynarr.c">
      <Filter>libs\anim</Filter>
    </ClCompile>
    <ClCompile Include="libs\anim\track.c">
      <Filter>libs\anim</Filter>
    </ClCompile>
    <ClCompile Include="libs\vmath\basis.cc">
      <Filter>libs\vmath</Filter>
    </ClCompile>
    <ClCompile Include="libs\vmath\basis_c.c">
      <Filter>libs\vmath</Filter>
    </ClCompile>
    <ClCompile Include="libs\vmath\geom.c">
      <Filter>libs\vmath</Filter>
    </ClCompile>
    <ClCompile Include="libs\vmath\matrix.cc">
      <Filter>libs\vmath</Filter>
    </ClCompile>
    <ClCompile Include="libs\vmath\matrix_c.c">
      <Filter>libs\vmath</Filter>
    </ClCompile>
    <ClCompile Include="libs\vmath\quat.cc">
      <Filter>libs\vmath</Filter>
    </ClCompile>
    <ClCompile Include="libs\vmath\quat_c.c">
      <Filter>libs\vmath</Filter>
    </ClCompile>
    <ClCompile Include="libs\vmath\ray.cc">
      <Filter>libs\vmath</Filter>
    </ClCompile>
    <ClCompile Include="libs\vmath\ray_c.c">
      <Filter>libs\vmath</Filter>
    </ClCompile>
    <ClCompile Include="libs\vmath\sphvec.cc">
      <Filter>libs\vmath</Filter>
    </ClCompile>
    <ClCompile Include="libs\vmath\vector.cc">
      <Filter>libs\vmath</Filter>
    </ClCompile>
    <ClCompile Include="libs\vmath\vmath.c">
      <Filter>libs\vmath</Filter>
    </ClCompile>
  </ItemGroup>
  <ItemGroup>
    <None Include="libs\vmath\matrix.inl">
      <Filter>libs\vmath</Filter>
    </None>
    <None Include="libs\vmath\quat.inl">
      <Filter>libs\vmath</Filter>
    </None>
    <None Include="libs\vmath\ray.inl">
      <Filter>libs\vmath</Filter>
    </None>
    <None Include="libs\vmath\vector.inl">
      <Filter>libs\vmath</Filter>
    </None>
    <None Include="libs\vmath\vmath.inl">
      <Filter>libs\vmath</Filter>
    </None>
  </ItemGroup>
</Project>